
Microsoft Visual Studio Solution File, Format Version 12.00
# Visual Studio Version 17
VisualStudioVersion = 17.13.35818.85 d17.13
MinimumVisualStudioVersion = 10.0.40219.1
Project("{FAE04EC0-301F-11D3-BF4B-00C04F79EFBC}") = "CodeArt.Optimizely.PackageExplorer.CLI", "CodeArt.Optimizely.PackageExplorer.CLI.csproj", "{9461CE18-3586-4C61-85F2-04B5CFF2F494}"
EndProject
Project("{FAE04EC0-301F-11D3-BF4B-00C04F79EFBC}") = "CodeArt.Optimizely.PackageExplorer.Core", "..\CodeArt.Optimizely.PackageExplorer.Core\CodeArt.Optimizely.PackageExplorer.Core.csproj", "{672BD302-57FD-48E5-BD66-9DB3EBD7222C}"
EndProject
Project("{FAE04EC0-301F-11D3-BF4B-00C04F79EFBC}") = "CodeArt.Optimizely.PackageExplorer", "..\CodeArt.Optimizely.PackageExplorer\CodeArt.Optimizely.PackageExplorer.csproj", "{FF30D0CC-E08F-4BEC-8E0B-14C72B8C2E7F}"
EndProject
Global
	GlobalSection(SolutionConfigurationPlatforms) = preSolution
		Debug|Any CPU = Debug|Any CPU
		Release|Any CPU = Release|Any CPU
	EndGlobalSection
	GlobalSection(ProjectConfigurationPlatforms) = postSolution
		{9461CE18-3586-4C61-85F2-04B5CFF2F494}.Debug|Any CPU.ActiveCfg = Debug|Any CPU
		{9461CE18-3586-4C61-85F2-04B5CFF2F494}.Debug|Any CPU.Build.0 = Debug|Any CPU
		{9461CE18-3586-4C61-85F2-04B5CFF2F494}.Release|Any CPU.ActiveCfg = Release|Any CPU
		{9461CE18-3586-4C61-85F2-04B5CFF2F494}.Release|Any CPU.Build.0 = Release|Any CPU
		{672BD302-57FD-48E5-BD66-9DB3EBD7222C}.Debug|Any CPU.ActiveCfg = Debug|Any CPU
		{672BD302-57FD-48E5-BD66-9DB3EBD7222C}.Debug|Any CPU.Build.0 = Debug|Any CPU
		{672BD302-57FD-48E5-BD66-9DB3EBD7222C}.Release|Any CPU.ActiveCfg = Release|Any CPU
		{672BD302-57FD-48E5-BD66-9DB3EBD7222C}.Release|Any CPU.Build.0 = Release|Any CPU
		{FF30D0CC-E08F-4BEC-8E0B-14C72B8C2E7F}.Debug|Any CPU.ActiveCfg = Debug|Any CPU
		{FF30D0CC-E08F-4BEC-8E0B-14C72B8C2E7F}.Debug|Any CPU.Build.0 = Debug|Any CPU
		{FF30D0CC-E08F-4BEC-8E0B-14C72B8C2E7F}.Release|Any CPU.ActiveCfg = Release|Any CPU
		{FF30D0CC-E08F-4BEC-8E0B-14C72B8C2E7F}.Release|Any CPU.Build.0 = Release|Any CPU
	EndGlobalSection
	GlobalSection(SolutionProperties) = preSolution
		HideSolutionNode = FALSE
	EndGlobalSection
	GlobalSection(ExtensibilityGlobals) = postSolution
		SolutionGuid = {D8AF7DD0-F489-4C52-AFC9-AECED3F7B1F1}
	EndGlobalSection
EndGlobal
